
Microsoft Visual Studio Solution File, Format Version 12.00
# Visual Studio Version 17
VisualStudioVersion = 17.6.33815.320
MinimumVisualStudioVersion = 10.0.40219.1
Project("{FAE04EC0-301F-11D3-BF4B-00C04F79EFBC}") = "Assignment 19", "Assignment 19.csproj", "{D3765961-D720-4B13-A831-D277D216DF2A}"
EndProject
Global
	GlobalSection(SolutionConfigurationPlatforms) = preSolution
		Debug|Any CPU = Debug|Any CPU
		Release|Any CPU = Release|Any CPU
	EndGlobalSection
	GlobalSection(ProjectConfigurationPlatforms) = postSolution
		{D3765961-D720-4B13-A831-D277D216DF2A}.Debug|Any CPU.ActiveCfg = Debug|Any CPU
		{D3765961-D720-4B13-A831-D277D216DF2A}.Debug|Any CPU.Build.0 = Debug|Any CPU
		{D3765961-D720-4B13-A831-D277D216DF2A}.Release|Any CPU.ActiveCfg = Release|Any CPU
		{D3765961-D720-4B13-A831-D277D216DF2A}.Release|Any CPU.Build.0 = Release|Any CPU
	EndGlobalSection
	GlobalSection(SolutionProperties) = preSolution
		HideSolutionNode = FALSE
	EndGlobalSection
	GlobalSection(ExtensibilityGlobals) = postSolution
		SolutionGuid = {2FA3F695-0861-4744-AC5B-F30C42B98E21}
	EndGlobalSection
EndGlobal
